
Microsoft Visual Studio Solution File, Format Version 12.00
# Visual Studio Version 17
VisualStudioVersion = 17.11.35222.181
MinimumVisualStudioVersion = 10.0.40219.1
Project("{FAE04EC0-301F-11D3-BF4B-00C04F79EFBC}") = "Bookify", "Bookify\Bookify.csproj", "{6061A6BB-A69F-4735-9508-3A8B07A5A4F2}"
EndProject
Global
	GlobalSection(SolutionConfigurationPlatforms) = preSolution
		Debug|Any CPU = Debug|Any CPU
		Release|Any CPU = Release|Any CPU
	EndGlobalSection
	GlobalSection(ProjectConfigurationPlatforms) = postSolution
		{6061A6BB-A69F-4735-9508-3A8B07A5A4F2}.Debug|Any CPU.ActiveCfg = Debug|Any CPU
		{6061A6BB-A69F-4735-9508-3A8B07A5A4F2}.Debug|Any CPU.Build.0 = Debug|Any CPU
		{6061A6BB-A69F-4735-9508-3A8B07A5A4F2}.Release|Any CPU.ActiveCfg = Release|Any CPU
		{6061A6BB-A69F-4735-9508-3A8B07A5A4F2}.Release|Any CPU.Build.0 = Release|Any CPU
	EndGlobalSection
	GlobalSection(SolutionProperties) = preSolution
		HideSolutionNode = FALSE
	EndGlobalSection
	GlobalSection(ExtensibilityGlobals) = postSolution
		SolutionGuid = {C8E9649B-4FBF-48D0-A8EA-5E7FCC0B3F75}
	EndGlobalSection
EndGlobal
